<Solution>
  <Folder Name="/src/">
    <Project Path="src/OOP/OOP.csproj" />
    <Project Path="src/Uebung_2_1/Uebung_2_1.csproj" />
    <Project Path="src/Uebung_2_2/Uebung_2_2.csproj" />
    <Project Path="src/Uebung_2_3/Uebung_2_3.csproj" />
  </Folder>
  <Project Path="src/HelloWorld/HelloWorld.csproj" />
</Solution>
